
Microsoft Visual Studio Solution File, Format Version 12.00
# Visual Studio Version 17
VisualStudioVersion = 17.7.34031.279
MinimumVisualStudioVersion = 10.0.40219.1
Project("{FAE04EC0-301F-11D3-BF4B-00C04F79EFBC}") = "Problema 16", "Problema 16.csproj", "{90225E49-28F1-4EA3-B3D6-BFD6D8F58AF0}"
EndProject
Global
	GlobalSection(SolutionConfigurationPlatforms) = preSolution
		Debug|Any CPU = Debug|Any CPU
		Release|Any CPU = Release|Any CPU
	EndGlobalSection
	GlobalSection(ProjectConfigurationPlatforms) = postSolution
		{90225E49-28F1-4EA3-B3D6-BFD6D8F58AF0}.Debug|Any CPU.ActiveCfg = Debug|Any CPU
		{90225E49-28F1-4EA3-B3D6-BFD6D8F58AF0}.Debug|Any CPU.Build.0 = Debug|Any CPU
		{90225E49-28F1-4EA3-B3D6-BFD6D8F58AF0}.Release|Any CPU.ActiveCfg = Release|Any CPU
		{90225E49-28F1-4EA3-B3D6-BFD6D8F58AF0}.Release|Any CPU.Build.0 = Release|Any CPU
	EndGlobalSection
	GlobalSection(SolutionProperties) = preSolution
		HideSolutionNode = FALSE
	EndGlobalSection
	GlobalSection(ExtensibilityGlobals) = postSolution
		SolutionGuid = {7B7D5EB0-1D90-430D-8E5D-C02C44817161}
	EndGlobalSection
EndGlobal
