
Microsoft Visual Studio Solution File, Format Version 12.00
# Visual Studio Version 17
VisualStudioVersion = 17.7.34031.279
MinimumVisualStudioVersion = 10.0.40219.1
Project("{FAE04EC0-301F-11D3-BF4B-00C04F79EFBC}") = "Problema 8", "Problema 8.csproj", "{273C6507-3348-412F-AC12-B8E20CCE831B}"
EndProject
Global
	GlobalSection(SolutionConfigurationPlatforms) = preSolution
		Debug|Any CPU = Debug|Any CPU
		Release|Any CPU = Release|Any CPU
	EndGlobalSection
	GlobalSection(ProjectConfigurationPlatforms) = postSolution
		{273C6507-3348-412F-AC12-B8E20CCE831B}.Debug|Any CPU.ActiveCfg = Debug|Any CPU
		{273C6507-3348-412F-AC12-B8E20CCE831B}.Debug|Any CPU.Build.0 = Debug|Any CPU
		{273C6507-3348-412F-AC12-B8E20CCE831B}.Release|Any CPU.ActiveCfg = Release|Any CPU
		{273C6507-3348-412F-AC12-B8E20CCE831B}.Release|Any CPU.Build.0 = Release|Any CPU
	EndGlobalSection
	GlobalSection(SolutionProperties) = preSolution
		HideSolutionNode = FALSE
	EndGlobalSection
	GlobalSection(ExtensibilityGlobals) = postSolution
		SolutionGuid = {A8C66778-B259-4991-B73F-6AA9915E9D26}
	EndGlobalSection
EndGlobal
