
Microsoft Visual Studio Solution File, Format Version 12.00
# Visual Studio Version 17
VisualStudioVersion = 17.7.34031.279
MinimumVisualStudioVersion = 10.0.40219.1
Project("{FAE04EC0-301F-11D3-BF4B-00C04F79EFBC}") = "Problema 4", "Problema 4.csproj", "{930D2671-EB3C-447A-951A-F4B0D69810DB}"
EndProject
Global
	GlobalSection(SolutionConfigurationPlatforms) = preSolution
		Debug|Any CPU = Debug|Any CPU
		Release|Any CPU = Release|Any CPU
	EndGlobalSection
	GlobalSection(ProjectConfigurationPlatforms) = postSolution
		{930D2671-EB3C-447A-951A-F4B0D69810DB}.Debug|Any CPU.ActiveCfg = Debug|Any CPU
		{930D2671-EB3C-447A-951A-F4B0D69810DB}.Debug|Any CPU.Build.0 = Debug|Any CPU
		{930D2671-EB3C-447A-951A-F4B0D69810DB}.Release|Any CPU.ActiveCfg = Release|Any CPU
		{930D2671-EB3C-447A-951A-F4B0D69810DB}.Release|Any CPU.Build.0 = Release|Any CPU
	EndGlobalSection
	GlobalSection(SolutionProperties) = preSolution
		HideSolutionNode = FALSE
	EndGlobalSection
	GlobalSection(ExtensibilityGlobals) = postSolution
		SolutionGuid = {F58B6316-9E2A-402D-BA54-24FC6498893E}
	EndGlobalSection
EndGlobal
